
Microsoft Visual Studio Solution File, Format Version 12.00
# Visual Studio 2012
Project("{FAE04EC0-301F-11D3-BF4B-00C04F79EFBC}") = "SplashScreenDemo.Android", "SplashScreenDemo.Android\SplashScreenDemo.Android.csproj", "{7AACA01A-E994-421D-990F-8C84E4910470}"
EndProject
Project("{FAE04EC0-301F-11D3-BF4B-00C04F79EFBC}") = "SplashScreenDemo", "SplashScreenDemo\SplashScreenDemo.csproj", "{F74620A7-6F01-4BA9-A513-57B94FA5388B}"
EndProject
Global
	GlobalSection(SolutionConfigurationPlatforms) = preSolution
		Debug|Any CPU = Debug|Any CPU
		Release|Any CPU = Release|Any CPU
		Debug|iPhoneSimulator = Debug|iPhoneSimulator
		Release|iPhoneSimulator = Release|iPhoneSimulator
		Debug|iPhone = Debug|iPhone
		Release|iPhone = Release|iPhone
	EndGlobalSection
	GlobalSection(ProjectConfigurationPlatforms) = postSolution
		{7AACA01A-E994-421D-990F-8C84E4910470}.Debug|Any CPU.ActiveCfg = Debug|Any CPU
		{7AACA01A-E994-421D-990F-8C84E4910470}.Debug|Any CPU.Build.0 = Debug|Any CPU
		{7AACA01A-E994-421D-990F-8C84E4910470}.Release|Any CPU.ActiveCfg = Release|Any CPU
		{7AACA01A-E994-421D-990F-8C84E4910470}.Release|Any CPU.Build.0 = Release|Any CPU
		{7AACA01A-E994-421D-990F-8C84E4910470}.Debug|iPhoneSimulator.ActiveCfg = Debug|Any CPU
		{7AACA01A-E994-421D-990F-8C84E4910470}.Debug|iPhoneSimulator.Build.0 = Debug|Any CPU
		{7AACA01A-E994-421D-990F-8C84E4910470}.Release|iPhoneSimulator.ActiveCfg = Release|Any CPU
		{7AACA01A-E994-421D-990F-8C84E4910470}.Release|iPhoneSimulator.Build.0 = Release|Any CPU
		{7AACA01A-E994-421D-990F-8C84E4910470}.Debug|iPhone.ActiveCfg = Debug|Any CPU
		{7AACA01A-E994-421D-990F-8C84E4910470}.Debug|iPhone.Build.0 = Debug|Any CPU
		{7AACA01A-E994-421D-990F-8C84E4910470}.Release|iPhone.ActiveCfg = Release|Any CPU
		{7AACA01A-E994-421D-990F-8C84E4910470}.Release|iPhone.Build.0 = Release|Any CPU
		{F74620A7-6F01-4BA9-A513-57B94FA5388B}.Debug|Any CPU.ActiveCfg = Debug|Any CPU
		{F74620A7-6F01-4BA9-A513-57B94FA5388B}.Debug|Any CPU.Build.0 = Debug|Any CPU
		{F74620A7-6F01-4BA9-A513-57B94FA5388B}.Release|Any CPU.ActiveCfg = Release|Any CPU
		{F74620A7-6F01-4BA9-A513-57B94FA5388B}.Release|Any CPU.Build.0 = Release|Any CPU
		{F74620A7-6F01-4BA9-A513-57B94FA5388B}.Debug|iPhoneSimulator.ActiveCfg = Debug|Any CPU
		{F74620A7-6F01-4BA9-A513-57B94FA5388B}.Debug|iPhoneSimulator.Build.0 = Debug|Any CPU
		{F74620A7-6F01-4BA9-A513-57B94FA5388B}.Release|iPhoneSimulator.ActiveCfg = Release|Any CPU
		{F74620A7-6F01-4BA9-A513-57B94FA5388B}.Release|iPhoneSimulator.Build.0 = Release|Any CPU
		{F74620A7-6F01-4BA9-A513-57B94FA5388B}.Debug|iPhone.ActiveCfg = Debug|Any CPU
		{F74620A7-6F01-4BA9-A513-57B94FA5388B}.Debug|iPhone.Build.0 = Debug|Any CPU
		{F74620A7-6F01-4BA9-A513-57B94FA5388B}.Release|iPhone.ActiveCfg = Release|Any CPU
		{F74620A7-6F01-4BA9-A513-57B94FA5388B}.Release|iPhone.Build.0 = Release|Any CPU
	EndGlobalSection
EndGlobal
